// !$*UTF8*$!
{
	archiveVersion = 1;
	classes = {
	};
	objectVersion = 56;
	objects = {

/* Begin PBXBuildFile section */
		5E5182352BE8FE8A007C44AC /* domains.framework in Frameworks */ = {isa = PBXBuildFile; fileRef = 5E51822C2BE8FE89007C44AC /* domains.framework */; };
		5E51823A2BE8FE8A007C44AC /* domainsTests.swift in Sources */ = {isa = PBXBuildFile; fileRef = 5E5182392BE8FE8A007C44AC /* domainsTests.swift */; };
		5E51823B2BE8FE8A007C44AC /* domains.h in Headers */ = {isa = PBXBuildFile; fileRef = 5E51822F2BE8FE89007C44AC /* domains.h */; settings = {ATTRIBUTES = (Public, ); }; };
		5E5182482BE8FFF3007C44AC /* FileName.swift in Sources */ = {isa = PBXBuildFile; fileRef = 5E5182472BE8FFF3007C44AC /* FileName.swift */; };
		5E51824A2BE9001B007C44AC /* FileExtension.swift in Sources */ = {isa = PBXBuildFile; fileRef = 5E5182492BE9001B007C44AC /* FileExtension.swift */; };
		5E51824C2BE90093007C44AC /* FileSize.swift in Sources */ = {isa = PBXBuildFile; fileRef = 5E51824B2BE90093007C44AC /* FileSize.swift */; };
		5E51824F2BE9013D007C44AC /* CinemaName.swift in Sources */ = {isa = PBXBuildFile; fileRef = 5E51824E2BE9013D007C44AC /* CinemaName.swift */; };
		5E5182532BE90189007C44AC /* FileLocation.swift in Sources */ = {isa = PBXBuildFile; fileRef = 5E5182522BE90189007C44AC /* FileLocation.swift */; };
		5E5182552BE9020F007C44AC /* CinemaStatus.swift in Sources */ = {isa = PBXBuildFile; fileRef = 5E5182542BE9020F007C44AC /* CinemaStatus.swift */; };
		5E5182582BE903D4007C44AC /* DiskName.swift in Sources */ = {isa = PBXBuildFile; fileRef = 5E5182572BE903D4007C44AC /* DiskName.swift */; };
		5E51825A2BE903E2007C44AC /* DiskLocation.swift in Sources */ = {isa = PBXBuildFile; fileRef = 5E5182592BE903E2007C44AC /* DiskLocation.swift */; };
		5E51825C2BE903FC007C44AC /* DiskType.swift in Sources */ = {isa = PBXBuildFile; fileRef = 5E51825B2BE903FC007C44AC /* DiskType.swift */; };
		5E5182662BE90586007C44AC /* Source.swift in Sources */ = {isa = PBXBuildFile; fileRef = 5E5182652BE90586007C44AC /* Source.swift */; };
		5E5182682BE90671007C44AC /* IsoSource.swift in Sources */ = {isa = PBXBuildFile; fileRef = 5E5182672BE90671007C44AC /* IsoSource.swift */; };
		5E51826A2BE907FB007C44AC /* FolderSource.swift in Sources */ = {isa = PBXBuildFile; fileRef = 5E5182692BE907FB007C44AC /* FolderSource.swift */; };
		5E51826C2BE908B3007C44AC /* Video.swift in Sources */ = {isa = PBXBuildFile; fileRef = 5E51826B2BE908B3007C44AC /* Video.swift */; };
		5E51826E2BE90910007C44AC /* VideoResolution.swift in Sources */ = {isa = PBXBuildFile; fileRef = 5E51826D2BE90910007C44AC /* VideoResolution.swift */; };
		5E5182702BE90991007C44AC /* Disk.swift in Sources */ = {isa = PBXBuildFile; fileRef = 5E51826F2BE90991007C44AC /* Disk.swift */; };
		5E5182722BE90ADA007C44AC /* HDVideo.swift in Sources */ = {isa = PBXBuildFile; fileRef = 5E5182712BE90ADA007C44AC /* HDVideo.swift */; };
		5E5182742BE90B41007C44AC /* FHDVideo.swift in Sources */ = {isa = PBXBuildFile; fileRef = 5E5182732BE90B41007C44AC /* FHDVideo.swift */; };
		5E5182762BE90DEE007C44AC /* CinemaDuration.swift in Sources */ = {isa = PBXBuildFile; fileRef = 5E5182752BE90DEE007C44AC /* CinemaDuration.swift */; };
		5E5182782BE90DF9007C44AC /* CinemaSeries.swift in Sources */ = {isa = PBXBuildFile; fileRef = 5E5182772BE90DF9007C44AC /* CinemaSeries.swift */; };
		5E51827A2BE90E3F007C44AC /* Cinema.swift in Sources */ = {isa = PBXBuildFile; fileRef = 5E5182792BE90E3F007C44AC /* Cinema.swift */; };
		5EB5E3662BEA5ADE003F065C /* CinemaInfo.swift in Sources */ = {isa = PBXBuildFile; fileRef = 5EB5E3652BEA5ADE003F065C /* CinemaInfo.swift */; };
/* End PBXBuildFile section */

/* Begin PBXContainerItemProxy section */
		5E5182362BE8FE8A007C44AC /* PBXContainerItemProxy */ = {
			isa = PBXContainerItemProxy;
			containerPortal = 5E5182232BE8FE89007C44AC /* Project object */;
			proxyType = 1;
			remoteGlobalIDString = 5E51822B2BE8FE89007C44AC;
			remoteInfo = domains;
		};
/* End PBXContainerItemProxy section */

/* Begin PBXFileReference section */
		5E51822C2BE8FE89007C44AC /* domains.framework */ = {isa = PBXFileReference; explicitFileType = wrapper.framework; includeInIndex = 0; path = domains.framework; sourceTree = BUILT_PRODUCTS_DIR; };
		5E51822F2BE8FE89007C44AC /* domains.h */ = {isa = PBXFileReference; lastKnownFileType = sourcecode.c.h; path = domains.h; sourceTree = "<group>"; };
		5E5182342BE8FE8A007C44AC /* domainsTests.xctest */ = {isa = PBXFileReference; explicitFileType = wrapper.cfbundle; includeInIndex = 0; path = domainsTests.xctest; sourceTree = BUILT_PRODUCTS_DIR; };
		5E5182392BE8FE8A007C44AC /* domainsTests.swift */ = {isa = PBXFileReference; lastKnownFileType = sourcecode.swift; path = domainsTests.swift; sourceTree = "<group>"; };
		5E5182472BE8FFF3007C44AC /* FileName.swift */ = {isa = PBXFileReference; lastKnownFileType = sourcecode.swift; path = FileName.swift; sourceTree = "<group>"; };
		5E5182492BE9001B007C44AC /* FileExtension.swift */ = {isa = PBXFileReference; lastKnownFileType = sourcecode.swift; path = FileExtension.swift; sourceTree = "<group>"; };
		5E51824B2BE90093007C44AC /* FileSize.swift */ = {isa = PBXFileReference; lastKnownFileType = sourcecode.swift; path = FileSize.swift; sourceTree = "<group>"; };
		5E51824E2BE9013D007C44AC /* CinemaName.swift */ = {isa = PBXFileReference; lastKnownFileType = sourcecode.swift; path = CinemaName.swift; sourceTree = "<group>"; };
		5E5182522BE90189007C44AC /* FileLocation.swift */ = {isa = PBXFileReference; lastKnownFileType = sourcecode.swift; path = FileLocation.swift; sourceTree = "<group>"; };
		5E5182542BE9020F007C44AC /* CinemaStatus.swift */ = {isa = PBXFileReference; lastKnownFileType = sourcecode.swift; path = CinemaStatus.swift; sourceTree = "<group>"; };
		5E5182572BE903D4007C44AC /* DiskName.swift */ = {isa = PBXFileReference; lastKnownFileType = sourcecode.swift; path = DiskName.swift; sourceTree = "<group>"; };
		5E5182592BE903E2007C44AC /* DiskLocation.swift */ = {isa = PBXFileReference; lastKnownFileType = sourcecode.swift; path = DiskLocation.swift; sourceTree = "<group>"; };
		5E51825B2BE903FC007C44AC /* DiskType.swift */ = {isa = PBXFileReference; lastKnownFileType = sourcecode.swift; path = DiskType.swift; sourceTree = "<group>"; };
		5E5182652BE90586007C44AC /* Source.swift */ = {isa = PBXFileReference; lastKnownFileType = sourcecode.swift; path = Source.swift; sourceTree = "<group>"; };
		5E5182672BE90671007C44AC /* IsoSource.swift */ = {isa = PBXFileReference; lastKnownFileType = sourcecode.swift; path = IsoSource.swift; sourceTree = "<group>"; };
		5E5182692BE907FB007C44AC /* FolderSource.swift */ = {isa = PBXFileReference; lastKnownFileType = sourcecode.swift; path = FolderSource.swift; sourceTree = "<group>"; };
		5E51826B2BE908B3007C44AC /* Video.swift */ = {isa = PBXFileReference; lastKnownFileType = sourcecode.swift; path = Video.swift; sourceTree = "<group>"; };
		5E51826D2BE90910007C44AC /* VideoResolution.swift */ = {isa = PBXFileReference; lastKnownFileType = sourcecode.swift; path = VideoResolution.swift; sourceTree = "<group>"; };
		5E51826F2BE90991007C44AC /* Disk.swift */ = {isa = PBXFileReference; lastKnownFileType = sourcecode.swift; path = Disk.swift; sourceTree = "<group>"; };
		5E5182712BE90ADA007C44AC /* HDVideo.swift */ = {isa = PBXFileReference; lastKnownFileType = sourcecode.swift; path = HDVideo.swift; sourceTree = "<group>"; };
		5E5182732BE90B41007C44AC /* FHDVideo.swift */ = {isa = PBXFileReference; lastKnownFileType = sourcecode.swift; path = FHDVideo.swift; sourceTree = "<group>"; };
		5E5182752BE90DEE007C44AC /* CinemaDuration.swift */ = {isa = PBXFileReference; lastKnownFileType = sourcecode.swift; path = CinemaDuration.swift; sourceTree = "<group>"; };
		5E5182772BE90DF9007C44AC /* CinemaSeries.swift */ = {isa = PBXFileReference; lastKnownFileType = sourcecode.swift; path = CinemaSeries.swift; sourceTree = "<group>"; };
		5E5182792BE90E3F007C44AC /* Cinema.swift */ = {isa = PBXFileReference; lastKnownFileType = sourcecode.swift; path = Cinema.swift; sourceTree = "<group>"; };
		5EB5E3652BEA5ADE003F065C /* CinemaInfo.swift */ = {isa = PBXFileReference; lastKnownFileType = sourcecode.swift; path = CinemaInfo.swift; sourceTree = "<group>"; };
/* End PBXFileReference section */

/* Begin PBXFrameworksBuildPhase section */
		5E5182292BE8FE89007C44AC /* Frameworks */ = {
			isa = PBXFrameworksBuildPhase;
			buildActionMask = 2147483647;
			files = (
			);
			runOnlyForDeploymentPostprocessing = 0;
		};
		5E5182312BE8FE8A007C44AC /* Frameworks */ = {
			isa = PBXFrameworksBuildPhase;
			buildActionMask = 2147483647;
			files = (
				5E5182352BE8FE8A007C44AC /* domains.framework in Frameworks */,
			);
			runOnlyForDeploymentPostprocessing = 0;
		};
/* End PBXFrameworksBuildPhase section */

/* Begin PBXGroup section */
		5E5182222BE8FE89007C44AC = {
			isa = PBXGroup;
			children = (
				5E51822E2BE8FE89007C44AC /* domains */,
				5E5182382BE8FE8A007C44AC /* domainsTests */,
				5E51822D2BE8FE89007C44AC /* Products */,
			);
			sourceTree = "<group>";
		};
		5E51822D2BE8FE89007C44AC /* Products */ = {
			isa = PBXGroup;
			children = (
				5E51822C2BE8FE89007C44AC /* domains.framework */,
				5E5182342BE8FE8A007C44AC /* domainsTests.xctest */,
			);
			name = Products;
			sourceTree = "<group>";
		};
		5E51822E2BE8FE89007C44AC /* domains */ = {
			isa = PBXGroup;
			children = (
				5E51825E2BE90519007C44AC /* Sources */,
				5E51825D2BE904ED007C44AC /* Videos */,
				5E5182562BE903BC007C44AC /* Disks */,
				5E51824D2BE90117007C44AC /* Cinemas */,
				5E5182462BE8FEEF007C44AC /* Files */,
				5E51822F2BE8FE89007C44AC /* domains.h */,
			);
			path = domains;
			sourceTree = "<group>";
		};
		5E5182382BE8FE8A007C44AC /* domainsTests */ = {
			isa = PBXGroup;
			children = (
				5E5182392BE8FE8A007C44AC /* domainsTests.swift */,
			);
			path = domainsTests;
			sourceTree = "<group>";
		};
		5E5182462BE8FEEF007C44AC /* Files */ = {
			isa = PBXGroup;
			children = (
				5E5182472BE8FFF3007C44AC /* FileName.swift */,
				5E5182492BE9001B007C44AC /* FileExtension.swift */,
				5E51824B2BE90093007C44AC /* FileSize.swift */,
				5E5182522BE90189007C44AC /* FileLocation.swift */,
			);
			path = Files;
			sourceTree = "<group>";
		};
		5E51824D2BE90117007C44AC /* Cinemas */ = {
			isa = PBXGroup;
			children = (
				5E51824E2BE9013D007C44AC /* CinemaName.swift */,
				5E5182542BE9020F007C44AC /* CinemaStatus.swift */,
				5E5182752BE90DEE007C44AC /* CinemaDuration.swift */,
				5E5182772BE90DF9007C44AC /* CinemaSeries.swift */,
				5E5182792BE90E3F007C44AC /* Cinema.swift */,
				5EB5E3652BEA5ADE003F065C /* CinemaInfo.swift */,
			);
			path = Cinemas;
			sourceTree = "<group>";
		};
		5E5182562BE903BC007C44AC /* Disks */ = {
			isa = PBXGroup;
			children = (
				5E5182572BE903D4007C44AC /* DiskName.swift */,
				5E5182592BE903E2007C44AC /* DiskLocation.swift */,
				5E51825B2BE903FC007C44AC /* DiskType.swift */,
				5E51826F2BE90991007C44AC /* Disk.swift */,
			);
			path = Disks;
			sourceTree = "<group>";
		};
		5E51825D2BE904ED007C44AC /* Videos */ = {
			isa = PBXGroup;
			children = (
				5E51826B2BE908B3007C44AC /* Video.swift */,
				5E51826D2BE90910007C44AC /* VideoResolution.swift */,
				5E5182712BE90ADA007C44AC /* HDVideo.swift */,
				5E5182732BE90B41007C44AC /* FHDVideo.swift */,
			);
			path = Videos;
			sourceTree = "<group>";
		};
		5E51825E2BE90519007C44AC /* Sources */ = {
			isa = PBXGroup;
			children = (
				5E5182652BE90586007C44AC /* Source.swift */,
				5E5182672BE90671007C44AC /* IsoSource.swift */,
				5E5182692BE907FB007C44AC /* FolderSource.swift */,
			);
			path = Sources;
			sourceTree = "<group>";
		};
/* End PBXGroup section */

/* Begin PBXHeadersBuildPhase section */
		5E5182272BE8FE89007C44AC /* Headers */ = {
			isa = PBXHeadersBuildPhase;
			buildActionMask = 2147483647;
			files = (
				5E51823B2BE8FE8A007C44AC /* domains.h in Headers */,
			);
			runOnlyForDeploymentPostprocessing = 0;
		};
/* End PBXHeadersBuildPhase section */

/* Begin PBXNativeTarget section */
		5E51822B2BE8FE89007C44AC /* domains */ = {
			isa = PBXNativeTarget;
			buildConfigurationList = 5E51823E2BE8FE8A007C44AC /* Build configuration list for PBXNativeTarget "domains" */;
			buildPhases = (
				5E5182272BE8FE89007C44AC /* Headers */,
				5E5182282BE8FE89007C44AC /* Sources */,
				5E5182292BE8FE89007C44AC /* Frameworks */,
				5E51822A2BE8FE89007C44AC /* Resources */,
			);
			buildRules = (
			);
			dependencies = (
			);
			name = domains;
			productName = domains;
			productReference = 5E51822C2BE8FE89007C44AC /* domains.framework */;
			productType = "com.apple.product-type.framework";
		};
		5E5182332BE8FE8A007C44AC /* domainsTests */ = {
			isa = PBXNativeTarget;
			buildConfigurationList = 5E5182412BE8FE8A007C44AC /* Build configuration list for PBXNativeTarget "domainsTests" */;
			buildPhases = (
				5E5182302BE8FE8A007C44AC /* Sources */,
				5E5182312BE8FE8A007C44AC /* Frameworks */,
				5E5182322BE8FE8A007C44AC /* Resources */,
			);
			buildRules = (
			);
			dependencies = (
				5E5182372BE8FE8A007C44AC /* PBXTargetDependency */,
			);
			name = domainsTests;
			productName = domainsTests;
			productReference = 5E5182342BE8FE8A007C44AC /* domainsTests.xctest */;
			productType = "com.apple.product-type.bundle.unit-test";
		};
/* End PBXNativeTarget section */

/* Begin PBXProject section */
		5E5182232BE8FE89007C44AC /* Project object */ = {
			isa = PBXProject;
			attributes = {
				BuildIndependentTargetsInParallel = 1;
				LastSwiftUpdateCheck = 1530;
				LastUpgradeCheck = 1530;
				TargetAttributes = {
					5E51822B2BE8FE89007C44AC = {
						CreatedOnToolsVersion = 15.3;
						LastSwiftMigration = 1530;
					};
					5E5182332BE8FE8A007C44AC = {
						CreatedOnToolsVersion = 15.3;
					};
				};
			};
			buildConfigurationList = 5E5182262BE8FE89007C44AC /* Build configuration list for PBXProject "domains" */;
			compatibilityVersion = "Xcode 14.0";
			developmentRegion = en;
			hasScannedForEncodings = 0;
			knownRegions = (
				en,
				Base,
			);
			mainGroup = 5E5182222BE8FE89007C44AC;
			productRefGroup = 5E51822D2BE8FE89007C44AC /* Products */;
			projectDirPath = "";
			projectRoot = "";
			targets = (
				5E51822B2BE8FE89007C44AC /* domains */,
				5E5182332BE8FE8A007C44AC /* domainsTests */,
			);
		};
/* End PBXProject section */

/* Begin PBXResourcesBuildPhase section */
		5E51822A2BE8FE89007C44AC /* Resources */ = {
			isa = PBXResourcesBuildPhase;
			buildActionMask = 2147483647;
			files = (
			);
			runOnlyForDeploymentPostprocessing = 0;
		};
		5E5182322BE8FE8A007C44AC /* Resources */ = {
			isa = PBXResourcesBuildPhase;
			buildActionMask = 2147483647;
			files = (
			);
			runOnlyForDeploymentPostprocessing = 0;
		};
/* End PBXResourcesBuildPhase section */

/* Begin PBXSourcesBuildPhase section */
		5E5182282BE8FE89007C44AC /* Sources */ = {
			isa = PBXSourcesBuildPhase;
			buildActionMask = 2147483647;
			files = (
				5E5182702BE90991007C44AC /* Disk.swift in Sources */,
				5E51824A2BE9001B007C44AC /* FileExtension.swift in Sources */,
				5E51824F2BE9013D007C44AC /* CinemaName.swift in Sources */,
				5E51824C2BE90093007C44AC /* FileSize.swift in Sources */,
				5E51827A2BE90E3F007C44AC /* Cinema.swift in Sources */,
				5E51825C2BE903FC007C44AC /* DiskType.swift in Sources */,
				5E5182722BE90ADA007C44AC /* HDVideo.swift in Sources */,
				5E51826C2BE908B3007C44AC /* Video.swift in Sources */,
				5E5182782BE90DF9007C44AC /* CinemaSeries.swift in Sources */,
				5E5182552BE9020F007C44AC /* CinemaStatus.swift in Sources */,
				5E51825A2BE903E2007C44AC /* DiskLocation.swift in Sources */,
				5E5182582BE903D4007C44AC /* DiskName.swift in Sources */,
				5E5182682BE90671007C44AC /* IsoSource.swift in Sources */,
				5E5182662BE90586007C44AC /* Source.swift in Sources */,
				5E5182762BE90DEE007C44AC /* CinemaDuration.swift in Sources */,
				5EB5E3662BEA5ADE003F065C /* CinemaInfo.swift in Sources */,
				5E51826E2BE90910007C44AC /* VideoResolution.swift in Sources */,
				5E51826A2BE907FB007C44AC /* FolderSource.swift in Sources */,
				5E5182532BE90189007C44AC /* FileLocation.swift in Sources */,
				5E5182742BE90B41007C44AC /* FHDVideo.swift in Sources */,
				5E5182482BE8FFF3007C44AC /* FileName.swift in Sources */,
			);
			runOnlyForDeploymentPostprocessing = 0;
		};
		5E5182302BE8FE8A007C44AC /* Sources */ = {
			isa = PBXSourcesBuildPhase;
			buildActionMask = 2147483647;
			files = (
				5E51823A2BE8FE8A007C44AC /* domainsTests.swift in Sources */,
			);
			runOnlyForDeploymentPostprocessing = 0;
		};
/* End PBXSourcesBuildPhase section */

/* Begin PBXTargetDependency section */
		5E5182372BE8FE8A007C44AC /* PBXTargetDependency */ = {
			isa = PBXTargetDependency;
			target = 5E51822B2BE8FE89007C44AC /* domains */;
			targetProxy = 5E5182362BE8FE8A007C44AC /* PBXContainerItemProxy */;
		};
/* End PBXTargetDependency section */

/* Begin XCBuildConfiguration section */
		5E51823C2BE8FE8A007C44AC /* Debug */ = {
			isa = XCBuildConfiguration;
			buildSettings = {
				ALWAYS_SEARCH_USER_PATHS = NO;
				ASSETCATALOG_COMPILER_GENERATE_SWIFT_ASSET_SYMBOL_EXTENSIONS = YES;
				CLANG_ANALYZER_NONNULL = YES;
				CLANG_ANALYZER_NUMBER_OBJECT_CONVERSION = YES_AGGRESSIVE;
				CLANG_CXX_LANGUAGE_STANDARD = "gnu++20";
				CLANG_ENABLE_MODULES = YES;
				CLANG_ENABLE_OBJC_ARC = YES;
				CLANG_ENABLE_OBJC_WEAK = YES;
				CLANG_WARN_BLOCK_CAPTURE_AUTORELEASING = YES;
				CLANG_WARN_BOOL_CONVERSION = YES;
				CLANG_WARN_COMMA = YES;
				CLANG_WARN_CONSTANT_CONVERSION = YES;
				CLANG_WARN_DEPRECATED_OBJC_IMPLEMENTATIONS = YES;
				CLANG_WARN_DIRECT_OBJC_ISA_USAGE = YES_ERROR;
				CLANG_WARN_DOCUMENTATION_COMMENTS = YES;
				CLANG_WARN_EMPTY_BODY = YES;
				CLANG_WARN_ENUM_CONVERSION = YES;
				CLANG_WARN_INFINITE_RECURSION = YES;
				CLANG_WARN_INT_CONVERSION = YES;
				CLANG_WARN_NON_LITERAL_NULL_CONVERSION = YES;
				CLANG_WARN_OBJC_IMPLICIT_RETAIN_SELF = YES;
				CLANG_WARN_OBJC_LITERAL_CONVERSION = YES;
				CLANG_WARN_OBJC_ROOT_CLASS = YES_ERROR;
				CLANG_WARN_QUOTED_INCLUDE_IN_FRAMEWORK_HEADER = YES;
				CLANG_WARN_RANGE_LOOP_ANALYSIS = YES;
				CLANG_WARN_STRICT_PROTOTYPES = YES;
				CLANG_WARN_SUSPICIOUS_MOVE = YES;
				CLANG_WARN_UNGUARDED_AVAILABILITY = YES_AGGRESSIVE;
				CLANG_WARN_UNREACHABLE_CODE = YES;
				CLANG_WARN__DUPLICATE_METHOD_MATCH = YES;
				COPY_PHASE_STRIP = NO;
				CURRENT_PROJECT_VERSION = 1;
				DEBUG_INFORMATION_FORMAT = dwarf;
				ENABLE_STRICT_OBJC_MSGSEND = YES;
				ENABLE_TESTABILITY = YES;
				ENABLE_USER_SCRIPT_SANDBOXING = YES;
				GCC_C_LANGUAGE_STANDARD = gnu17;
				GCC_DYNAMIC_NO_PIC = NO;
				GCC_NO_COMMON_BLOCKS = YES;
				GCC_OPTIMIZATION_LEVEL = 0;
				GCC_PREPROCESSOR_DEFINITIONS = (
					"DEBUG=1",
					"$(inherited)",
				);
				GCC_WARN_64_TO_32_BIT_CONVERSION = YES;
				GCC_WARN_ABOUT_RETURN_TYPE = YES_ERROR;
				GCC_WARN_UNDECLARED_SELECTOR = YES;
				GCC_WARN_UNINITIALIZED_AUTOS = YES_AGGRESSIVE;
				GCC_WARN_UNUSED_FUNCTION = YES;
				GCC_WARN_UNUSED_VARIABLE = YES;
				LOCALIZATION_PREFERS_STRING_CATALOGS = YES;
				MTL_ENABLE_DEBUG_INFO = INCLUDE_SOURCE;
				MTL_FAST_MATH = YES;
				ONLY_ACTIVE_ARCH = YES;
				SWIFT_ACTIVE_COMPILATION_CONDITIONS = "DEBUG $(inherited)";
				SWIFT_OPTIMIZATION_LEVEL = "-Onone";
				VERSIONING_SYSTEM = "apple-generic";
				VERSION_INFO_PREFIX = "";
			};
			name = Debug;
		};
		5E51823D2BE8FE8A007C44AC /* Release */ = {
			isa = XCBuildConfiguration;
			buildSettings = {
				ALWAYS_SEARCH_USER_PATHS = NO;
				ASSETCATALOG_COMPILER_GENERATE_SWIFT_ASSET_SYMBOL_EXTENSIONS = YES;
				CLANG_ANALYZER_NONNULL = YES;
				CLANG_ANALYZER_NUMBER_OBJECT_CONVERSION = YES_AGGRESSIVE;
				CLANG_CXX_LANGUAGE_STANDARD = "gnu++20";
				CLANG_ENABLE_MODULES = YES;
				CLANG_ENABLE_OBJC_ARC = YES;
				CLANG_ENABLE_OBJC_WEAK = YES;
				CLANG_WARN_BLOCK_CAPTURE_AUTORELEASING = YES;
				CLANG_WARN_BOOL_CONVERSION = YES;
				CLANG_WARN_COMMA = YES;
				CLANG_WARN_CONSTANT_CONVERSION = YES;
				CLANG_WARN_DEPRECATED_OBJC_IMPLEMENTATIONS = YES;
				CLANG_WARN_DIRECT_OBJC_ISA_USAGE = YES_ERROR;
				CLANG_WARN_DOCUMENTATION_COMMENTS = YES;
				CLANG_WARN_EMPTY_BODY = YES;
				CLANG_WARN_ENUM_CONVERSION = YES;
				CLANG_WARN_INFINITE_RECURSION = YES;
				CLANG_WARN_INT_CONVERSION = YES;
				CLANG_WARN_NON_LITERAL_NULL_CONVERSION = YES;
				CLANG_WARN_OBJC_IMPLICIT_RETAIN_SELF = YES;
				CLANG_WARN_OBJC_LITERAL_CONVERSION = YES;
				CLANG_WARN_OBJC_ROOT_CLASS = YES_ERROR;
				CLANG_WARN_QUOTED_INCLUDE_IN_FRAMEWORK_HEADER = YES;
				CLANG_WARN_RANGE_LOOP_ANALYSIS = YES;
				CLANG_WARN_STRICT_PROTOTYPES = YES;
				CLANG_WARN_SUSPICIOUS_MOVE = YES;
				CLANG_WARN_UNGUARDED_AVAILABILITY = YES_AGGRESSIVE;
				CLANG_WARN_UNREACHABLE_CODE = YES;
				CLANG_WARN__DUPLICATE_METHOD_MATCH = YES;
				COPY_PHASE_STRIP = NO;
				CURRENT_PROJECT_VERSION = 1;
				DEBUG_INFORMATION_FORMAT = "dwarf-with-dsym";
				ENABLE_NS_ASSERTIONS = NO;
				ENABLE_STRICT_OBJC_MSGSEND = YES;
				ENABLE_USER_SCRIPT_SANDBOXING = YES;
				GCC_C_LANGUAGE_STANDARD = gnu17;
				GCC_NO_COMMON_BLOCKS = YES;
				GCC_WARN_64_TO_32_BIT_CONVERSION = YES;
				GCC_WARN_ABOUT_RETURN_TYPE = YES_ERROR;
				GCC_WARN_UNDECLARED_SELECTOR = YES;
				GCC_WARN_UNINITIALIZED_AUTOS = YES_AGGRESSIVE;
				GCC_WARN_UNUSED_FUNCTION = YES;
				GCC_WARN_UNUSED_VARIABLE = YES;
				LOCALIZATION_PREFERS_STRING_CATALOGS = YES;
				MTL_ENABLE_DEBUG_INFO = NO;
				MTL_FAST_MATH = YES;
				SWIFT_COMPILATION_MODE = wholemodule;
				VERSIONING_SYSTEM = "apple-generic";
				VERSION_INFO_PREFIX = "";
			};
			name = Release;
		};
		5E51823F2BE8FE8A007C44AC /* Debug */ = {
			isa = XCBuildConfiguration;
			buildSettings = {
				ALLOW_TARGET_PLATFORM_SPECIALIZATION = YES;
				BUILD_LIBRARY_FOR_DISTRIBUTION = YES;
				CLANG_ENABLE_MODULES = YES;
				CODE_SIGN_STYLE = Automatic;
				CURRENT_PROJECT_VERSION = 1;
				DEFINES_MODULE = YES;
				DEVELOPMENT_TEAM = K76HM8C645;
				DYLIB_COMPATIBILITY_VERSION = 1;
				DYLIB_CURRENT_VERSION = 1;
				DYLIB_INSTALL_NAME_BASE = "@rpath";
				ENABLE_MODULE_VERIFIER = YES;
				GENERATE_INFOPLIST_FILE = YES;
				INFOPLIST_KEY_NSHumanReadableCopyright = "";
				INSTALL_PATH = "$(LOCAL_LIBRARY_DIR)/Frameworks";
				IPHONEOS_DEPLOYMENT_TARGET = 17.4;
				LD_RUNPATH_SEARCH_PATHS = (
					"@executable_path/Frameworks",
					"@loader_path/Frameworks",
				);
				"LD_RUNPATH_SEARCH_PATHS[sdk=macosx*]" = (
					"@executable_path/../Frameworks",
					"@loader_path/Frameworks",
				);
				MACOSX_DEPLOYMENT_TARGET = 14.4;
				MARKETING_VERSION = 1.0;
				MODULE_VERIFIER_SUPPORTED_LANGUAGES = "objective-c objective-c++";
				MODULE_VERIFIER_SUPPORTED_LANGUAGE_STANDARDS = "gnu17 gnu++20";
				PRODUCT_BUNDLE_IDENTIFIER = work.cinecon.domains;
				PRODUCT_NAME = "$(TARGET_NAME:c99extidentifier)";
				SDKROOT = auto;
				SKIP_INSTALL = YES;
				SUPPORTED_PLATFORMS = "iphoneos iphonesimulator macosx";
				SWIFT_EMIT_LOC_STRINGS = YES;
				SWIFT_INSTALL_OBJC_HEADER = NO;
				SWIFT_OPTIMIZATION_LEVEL = "-Onone";
				SWIFT_VERSION = 5.0;
				TARGETED_DEVICE_FAMILY = "1,2";
			};
			name = Debug;
		};
		5E5182402BE8FE8A007C44AC /* Release */ = {
			isa = XCBuildConfiguration;
			buildSettings = {
				ALLOW_TARGET_PLATFORM_SPECIALIZATION = YES;
				BUILD_LIBRARY_FOR_DISTRIBUTION = YES;
				CLANG_ENABLE_MODULES = YES;
				CODE_SIGN_STYLE = Automatic;
				CURRENT_PROJECT_VERSION = 1;
				DEFINES_MODULE = YES;
				DEVELOPMENT_TEAM = K76HM8C645;
				DYLIB_COMPATIBILITY_VERSION = 1;
				DYLIB_CURRENT_VERSION = 1;
				DYLIB_INSTALL_NAME_BASE = "@rpath";
				ENABLE_MODULE_VERIFIER = YES;
				GENERATE_INFOPLIST_FILE = YES;
				INFOPLIST_KEY_NSHumanReadableCopyright = "";
				INSTALL_PATH = "$(LOCAL_LIBRARY_DIR)/Frameworks";
				IPHONEOS_DEPLOYMENT_TARGET = 17.4;
				LD_RUNPATH_SEARCH_PATHS = (
					"@executable_path/Frameworks",
					"@loader_path/Frameworks",
				);
				"LD_RUNPATH_SEARCH_PATHS[sdk=macosx*]" = (
					"@executable_path/../Frameworks",
					"@loader_path/Frameworks",
				);
				MACOSX_DEPLOYMENT_TARGET = 14.4;
				MARKETING_VERSION = 1.0;
				MODULE_VERIFIER_SUPPORTED_LANGUAGES = "objective-c objective-c++";
				MODULE_VERIFIER_SUPPORTED_LANGUAGE_STANDARDS = "gnu17 gnu++20";
				PRODUCT_BUNDLE_IDENTIFIER = work.cinecon.domains;
				PRODUCT_NAME = "$(TARGET_NAME:c99extidentifier)";
				SDKROOT = auto;
				SKIP_INSTALL = YES;
				SUPPORTED_PLATFORMS = "iphoneos iphonesimulator macosx";
				SWIFT_EMIT_LOC_STRINGS = YES;
				SWIFT_INSTALL_OBJC_HEADER = NO;
				SWIFT_VERSION = 5.0;
				TARGETED_DEVICE_FAMILY = "1,2";
			};
			name = Release;
		};
		5E5182422BE8FE8A007C44AC /* Debug */ = {
			isa = XCBuildConfiguration;
			buildSettings = {
				ALLOW_TARGET_PLATFORM_SPECIALIZATION = YES;
				ALWAYS_EMBED_SWIFT_STANDARD_LIBRARIES = YES;
				"CODE_SIGN_IDENTITY[sdk=macosx*]" = "Apple Development";
				CODE_SIGN_STYLE = Automatic;
				CURRENT_PROJECT_VERSION = 1;
				DEVELOPMENT_TEAM = 7R4Y9AC5RD;
				GENERATE_INFOPLIST_FILE = YES;
				IPHONEOS_DEPLOYMENT_TARGET = 17.4;
				MACOSX_DEPLOYMENT_TARGET = 14.4;
				MARKETING_VERSION = 1.0;
				PRODUCT_BUNDLE_IDENTIFIER = work.cinecon.domainsTests;
				PRODUCT_NAME = "$(TARGET_NAME)";
				SDKROOT = auto;
				SUPPORTED_PLATFORMS = "iphoneos iphonesimulator macosx";
				SWIFT_EMIT_LOC_STRINGS = NO;
				SWIFT_VERSION = 5.0;
				TARGETED_DEVICE_FAMILY = "1,2";
			};
			name = Debug;
		};
		5E5182432BE8FE8A007C44AC /* Release */ = {
			isa = XCBuildConfiguration;
			buildSettings = {
				ALLOW_TARGET_PLATFORM_SPECIALIZATION = YES;
				ALWAYS_EMBED_SWIFT_STANDARD_LIBRARIES = YES;
				"CODE_SIGN_IDENTITY[sdk=macosx*]" = "Apple Development";
				CODE_SIGN_STYLE = Automatic;
				CURRENT_PROJECT_VERSION = 1;
				DEVELOPMENT_TEAM = 7R4Y9AC5RD;
				GENERATE_INFOPLIST_FILE = YES;
				IPHONEOS_DEPLOYMENT_TARGET = 17.4;
				MACOSX_DEPLOYMENT_TARGET = 14.4;
				MARKETING_VERSION = 1.0;
				PRODUCT_BUNDLE_IDENTIFIER = work.cinecon.domainsTests;
				PRODUCT_NAME = "$(TARGET_NAME)";
				SDKROOT = auto;
				SUPPORTED_PLATFORMS = "iphoneos iphonesimulator macosx";
				SWIFT_EMIT_LOC_STRINGS = NO;
				SWIFT_VERSION = 5.0;
				TARGETED_DEVICE_FAMILY = "1,2";
			};
			name = Release;
		};
/* End XCBuildConfiguration section */

/* Begin XCConfigurationList section */
		5E5182262BE8FE89007C44AC /* Build configuration list for PBXProject "domains" */ = {
			isa = XCConfigurationList;
			buildConfigurations = (
				5E51823C2BE8FE8A007C44AC /* Debug */,
				5E51823D2BE8FE8A007C44AC /* Release */,
			);
			defaultConfigurationIsVisible = 0;
			defaultConfigurationName = Release;
		};
		5E51823E2BE8FE8A007C44AC /* Build configuration list for PBXNativeTarget "domains" */ = {
			isa = XCConfigurationList;
			buildConfigurations = (
				5E51823F2BE8FE8A007C44AC /* Debug */,
				5E5182402BE8FE8A007C44AC /* Release */,
			);
			defaultConfigurationIsVisible = 0;
			defaultConfigurationName = Release;
		};
		5E5182412BE8FE8A007C44AC /* Build configuration list for PBXNativeTarget "domainsTests" */ = {
			isa = XCConfigurationList;
			buildConfigurations = (
				5E5182422BE8FE8A007C44AC /* Debug */,
				5E5182432BE8FE8A007C44AC /* Release */,
			);
			defaultConfigurationIsVisible = 0;
			defaultConfigurationName = Release;
		};
/* End XCConfigurationList section */
	};
	rootObject = 5E5182232BE8FE89007C44AC /* Project object */;
}
